// !$*UTF8*$!
{
	archiveVersion = 1;
	classes = {
	};
	objectVersion = 55;
	objects = {

/* Begin PBXBuildFile section */
		7A7869602743EC3C000A9944 /* ItemCardView.swift in Sources */ = {isa = PBXBuildFile; fileRef = 7A78695F2743EC3C000A9944 /* ItemCardView.swift */; };
		7A7869622743F3DB000A9944 /* AddButton.swift in Sources */ = {isa = PBXBuildFile; fileRef = 7A7869612743F3DB000A9944 /* AddButton.swift */; };
		7CFED54999D81D034E71C200 /* Pods_ListaCompras.framework in Frameworks */ = {isa = PBXBuildFile; fileRef = 27524330F6FC5E493B524E81 /* Pods_ListaCompras.framework */; };
		9AD43E22273AB86500A051B1 /* AppDelegate.swift in Sources */ = {isa = PBXBuildFile; fileRef = 9AD43E21273AB86500A051B1 /* AppDelegate.swift */; };
		9AD43E24273AB86500A051B1 /* SceneDelegate.swift in Sources */ = {isa = PBXBuildFile; fileRef = 9AD43E23273AB86500A051B1 /* SceneDelegate.swift */; };
		9AD43E26273AB86500A051B1 /* ViewController.swift in Sources */ = {isa = PBXBuildFile; fileRef = 9AD43E25273AB86500A051B1 /* ViewController.swift */; };
		9AD43E2C273AB86500A051B1 /* ListaCompras.xcdatamodeld in Sources */ = {isa = PBXBuildFile; fileRef = 9AD43E2A273AB86500A051B1 /* ListaCompras.xcdatamodeld */; };
		9AD43E2E273AB86700A051B1 /* Assets.xcassets in Resources */ = {isa = PBXBuildFile; fileRef = 9AD43E2D273AB86700A051B1 /* Assets.xcassets */; };
		9AD43E31273AB86700A051B1 /* LaunchScreen.storyboard in Resources */ = {isa = PBXBuildFile; fileRef = 9AD43E2F273AB86700A051B1 /* LaunchScreen.storyboard */; };
/* End PBXBuildFile section */

/* Begin PBXFileReference section */
		27524330F6FC5E493B524E81 /* Pods_ListaCompras.framework */ = {isa = PBXFileReference; explicitFileType = wrapper.framework; includeInIndex = 0; path = Pods_ListaCompras.framework; sourceTree = BUILT_PRODUCTS_DIR; };
		2D12F675E4D5555B10377C08 /* Pods-ListaCompras.release.xcconfig */ = {isa = PBXFileReference; includeInIndex = 1; lastKnownFileType = text.xcconfig; name = "Pods-ListaCompras.release.xcconfig"; path = "Target Support Files/Pods-ListaCompras/Pods-ListaCompras.release.xcconfig"; sourceTree = "<group>"; };
		7A78695F2743EC3C000A9944 /* ItemCardView.swift */ = {isa = PBXFileReference; lastKnownFileType = sourcecode.swift; path = ItemCardView.swift; sourceTree = "<group>"; };
		7A7869612743F3DB000A9944 /* AddButton.swift */ = {isa = PBXFileReference; lastKnownFileType = sourcecode.swift; path = AddButton.swift; sourceTree = "<group>"; };
		9AD43E1E273AB86500A051B1 /* ListaCompras.app */ = {isa = PBXFileReference; explicitFileType = wrapper.application; includeInIndex = 0; path = ListaCompras.app; sourceTree = BUILT_PRODUCTS_DIR; };
		9AD43E21273AB86500A051B1 /* AppDelegate.swift */ = {isa = PBXFileReference; lastKnownFileType = sourcecode.swift; path = AppDelegate.swift; sourceTree = "<group>"; };
		9AD43E23273AB86500A051B1 /* SceneDelegate.swift */ = {isa = PBXFileReference; lastKnownFileType = sourcecode.swift; path = SceneDelegate.swift; sourceTree = "<group>"; };
		9AD43E25273AB86500A051B1 /* ViewController.swift */ = {isa = PBXFileReference; lastKnownFileType = sourcecode.swift; path = ViewController.swift; sourceTree = "<group>"; };
		9AD43E2B273AB86500A051B1 /* ListaCompras.xcdatamodel */ = {isa = PBXFileReference; lastKnownFileType = wrapper.xcdatamodel; path = ListaCompras.xcdatamodel; sourceTree = "<group>"; };
		9AD43E2D273AB86700A051B1 /* Assets.xcassets */ = {isa = PBXFileReference; lastKnownFileType = folder.assetcatalog; path = Assets.xcassets; sourceTree = "<group>"; };
		9AD43E30273AB86700A051B1 /* Base */ = {isa = PBXFileReference; lastKnownFileType = file.storyboard; name = Base; path = Base.lproj/LaunchScreen.storyboard; sourceTree = "<group>"; };
		9AD43E32273AB86700A051B1 /* Info.plist */ = {isa = PBXFileReference; lastKnownFileType = text.plist.xml; path = Info.plist; sourceTree = "<group>"; };
		CFB934CB52F4D2EB50BF572B /* Pods-ListaCompras.debug.xcconfig */ = {isa = PBXFileReference; includeInIndex = 1; lastKnownFileType = text.xcconfig; name = "Pods-ListaCompras.debug.xcconfig"; path = "Target Support Files/Pods-ListaCompras/Pods-ListaCompras.debug.xcconfig"; sourceTree = "<group>"; };
/* End PBXFileReference section */

/* Begin PBXFrameworksBuildPhase section */
		9AD43E1B273AB86500A051B1 /* Frameworks */ = {
			isa = PBXFrameworksBuildPhase;
			buildActionMask = 2147483647;
			files = (
				7CFED54999D81D034E71C200 /* Pods_ListaCompras.framework in Frameworks */,
			);
			runOnlyForDeploymentPostprocessing = 0;
		};
/* End PBXFrameworksBuildPhase section */

/* Begin PBXGroup section */
		7A78695D2743EBCA000A9944 /* View */ = {
			isa = PBXGroup;
			children = (
				7A78695F2743EC3C000A9944 /* ItemCardView.swift */,
				7A7869612743F3DB000A9944 /* AddButton.swift */,
			);
			path = View;
			sourceTree = "<group>";
		};
		7A78695E2743EBD0000A9944 /* Controller */ = {
			isa = PBXGroup;
			children = (
				9AD43E25273AB86500A051B1 /* ViewController.swift */,
			);
			path = Controller;
			sourceTree = "<group>";
		};
		9AD43E15273AB86500A051B1 = {
			isa = PBXGroup;
			children = (
				9AD43E20273AB86500A051B1 /* ListaCompras */,
				9AD43E1F273AB86500A051B1 /* Products */,
				C69B50F80A1A6096213A8915 /* Pods */,
				A0D28A6CCD6D5CEE3589B447 /* Frameworks */,
			);
			sourceTree = "<group>";
		};
		9AD43E1F273AB86500A051B1 /* Products */ = {
			isa = PBXGroup;
			children = (
				9AD43E1E273AB86500A051B1 /* ListaCompras.app */,
			);
			name = Products;
			sourceTree = "<group>";
		};
		9AD43E20273AB86500A051B1 /* ListaCompras */ = {
			isa = PBXGroup;
			children = (
				7A78695D2743EBCA000A9944 /* View */,
				7A78695E2743EBD0000A9944 /* Controller */,
				9AD43E21273AB86500A051B1 /* AppDelegate.swift */,
				9AD43E23273AB86500A051B1 /* SceneDelegate.swift */,
				9AD43E2D273AB86700A051B1 /* Assets.xcassets */,
				9AD43E2F273AB86700A051B1 /* LaunchScreen.storyboard */,
				9AD43E32273AB86700A051B1 /* Info.plist */,
				9AD43E2A273AB86500A051B1 /* ListaCompras.xcdatamodeld */,
			);
			path = ListaCompras;
			sourceTree = "<group>";
		};
		A0D28A6CCD6D5CEE3589B447 /* Frameworks */ = {
			isa = PBXGroup;
			children = (
				27524330F6FC5E493B524E81 /* Pods_ListaCompras.framework */,
			);
			name = Frameworks;
			sourceTree = "<group>";
		};
		C69B50F80A1A6096213A8915 /* Pods */ = {
			isa = PBXGroup;
			children = (
				CFB934CB52F4D2EB50BF572B /* Pods-ListaCompras.debug.xcconfig */,
				2D12F675E4D5555B10377C08 /* Pods-ListaCompras.release.xcconfig */,
			);
			path = Pods;
			sourceTree = "<group>";
		};
/* End PBXGroup section */

/* Begin PBXNativeTarget section */
		9AD43E1D273AB86500A051B1 /* ListaCompras */ = {
			isa = PBXNativeTarget;
			buildConfigurationList = 9AD43E35273AB86700A051B1 /* Build configuration list for PBXNativeTarget "ListaCompras" */;
			buildPhases = (
				DF2763AB6FA42A384FAA3AF2 /* [CP] Check Pods Manifest.lock */,
				9AD43E1A273AB86500A051B1 /* Sources */,
				9AD43E1B273AB86500A051B1 /* Frameworks */,
				9AD43E1C273AB86500A051B1 /* Resources */,
				C357B1A2C496F8A09848587A /* [CP] Embed Pods Frameworks */,
			);
			buildRules = (
			);
			dependencies = (
			);
			name = ListaCompras;
			productName = ListaCompras;
			productReference = 9AD43E1E273AB86500A051B1 /* ListaCompras.app */;
			productType = "com.apple.product-type.application";
		};
/* End PBXNativeTarget section */

/* Begin PBXProject section */
		9AD43E16273AB86500A051B1 /* Project object */ = {
			isa = PBXProject;
			attributes = {
				BuildIndependentTargetsInParallel = 1;
				LastSwiftUpdateCheck = 1310;
				LastUpgradeCheck = 1310;
				TargetAttributes = {
					9AD43E1D273AB86500A051B1 = {
						CreatedOnToolsVersion = 13.1;
					};
				};
			};
			buildConfigurationList = 9AD43E19273AB86500A051B1 /* Build configuration list for PBXProject "ListaCompras" */;
			compatibilityVersion = "Xcode 13.0";
			developmentRegion = en;
			hasScannedForEncodings = 0;
			knownRegions = (
				en,
				Base,
			);
			mainGroup = 9AD43E15273AB86500A051B1;
			productRefGroup = 9AD43E1F273AB86500A051B1 /* Products */;
			projectDirPath = "";
			projectRoot = "";
			targets = (
				9AD43E1D273AB86500A051B1 /* ListaCompras */,
			);
		};
/* End PBXProject section */

/* Begin PBXResourcesBuildPhase section */
		9AD43E1C273AB86500A051B1 /* Resources */ = {
			isa = PBXResourcesBuildPhase;
			buildActionMask = 2147483647;
			files = (
				9AD43E31273AB86700A051B1 /* LaunchScreen.storyboard in Resources */,
				9AD43E2E273AB86700A051B1 /* Assets.xcassets in Resources */,
			);
			runOnlyForDeploymentPostprocessing = 0;
		};
/* End PBXResourcesBuildPhase section */

/* Begin PBXShellScriptBuildPhase section */
		C357B1A2C496F8A09848587A /* [CP] Embed Pods Frameworks */ = {
			isa = PBXShellScriptBuildPhase;
			buildActionMask = 2147483647;
			files = (
			);
			inputFileListPaths = (
				"${PODS_ROOT}/Target Support Files/Pods-ListaCompras/Pods-ListaCompras-frameworks-${CONFIGURATION}-input-files.xcfilelist",
			);
			name = "[CP] Embed Pods Frameworks";
			outputFileListPaths = (
				"${PODS_ROOT}/Target Support Files/Pods-ListaCompras/Pods-ListaCompras-frameworks-${CONFIGURATION}-output-files.xcfilelist",
			);
			runOnlyForDeploymentPostprocessing = 0;
			shellPath = /bin/sh;
			shellScript = "\"${PODS_ROOT}/Target Support Files/Pods-ListaCompras/Pods-ListaCompras-frameworks.sh\"\n";
			showEnvVarsInLog = 0;
		};
		DF2763AB6FA42A384FAA3AF2 /* [CP] Check Pods Manifest.lock */ = {
			isa = PBXShellScriptBuildPhase;
			buildActionMask = 2147483647;
			files = (
			);
			inputFileListPaths = (
			);
			inputPaths = (
				"${PODS_PODFILE_DIR_PATH}/Podfile.lock",
				"${PODS_ROOT}/Manifest.lock",
			);
			name = "[CP] Check Pods Manifest.lock";
			outputFileListPaths = (
			);
			outputPaths = (
				"$(DERIVED_FILE_DIR)/Pods-ListaCompras-checkManifestLockResult.txt",
			);
			runOnlyForDeploymentPostprocessing = 0;
			shellPath = /bin/sh;
			shellScript = "diff \"${PODS_PODFILE_DIR_PATH}/Podfile.lock\" \"${PODS_ROOT}/Manifest.lock\" > /dev/null\nif [ $? != 0 ] ; then\n    # print error to STDERR\n    echo \"error: The sandbox is not in sync with the Podfile.lock. Run 'pod install' or update your CocoaPods installation.\" >&2\n    exit 1\nfi\n# This output is used by Xcode 'outputs' to avoid re-running this script phase.\necho \"SUCCESS\" > \"${SCRIPT_OUTPUT_FILE_0}\"\n";
			showEnvVarsInLog = 0;
		};
/* End PBXShellScriptBuildPhase section */

/* Begin PBXSourcesBuildPhase section */
		9AD43E1A273AB86500A051B1 /* Sources */ = {
			isa = PBXSourcesBuildPhase;
			buildActionMask = 2147483647;
			files = (
				9AD43E26273AB86500A051B1 /* ViewController.swift in Sources */,
				9AD43E22273AB86500A051B1 /* AppDelegate.swift in Sources */,
				9AD43E24273AB86500A051B1 /* SceneDelegate.swift in Sources */,
				7A7869622743F3DB000A9944 /* AddButton.swift in Sources */,
				7A7869602743EC3C000A9944 /* ItemCardView.swift in Sources */,
				9AD43E2C273AB86500A051B1 /* ListaCompras.xcdatamodeld in Sources */,
			);
			runOnlyForDeploymentPostprocessing = 0;
		};
/* End PBXSourcesBuildPhase section */

/* Begin PBXVariantGroup section */
		9AD43E2F273AB86700A051B1 /* LaunchScreen.storyboard */ = {
			isa = PBXVariantGroup;
			children = (
				9AD43E30273AB86700A051B1 /* Base */,
			);
			name = LaunchScreen.storyboard;
			sourceTree = "<group>";
		};
/* End PBXVariantGroup section */

/* Begin XCBuildConfiguration section */
		9AD43E33273AB86700A051B1 /* Debug */ = {
			isa = XCBuildConfiguration;
			buildSettings = {
				ALWAYS_SEARCH_USER_PATHS = NO;
				CLANG_ANALYZER_NONNULL = YES;
				CLANG_ANALYZER_NUMBER_OBJECT_CONVERSION = YES_AGGRESSIVE;
				CLANG_CXX_LANGUAGE_STANDARD = "gnu++17";
				CLANG_CXX_LIBRARY = "libc++";
				CLANG_ENABLE_MODULES = YES;
				CLANG_ENABLE_OBJC_ARC = YES;
				CLANG_ENABLE_OBJC_WEAK = YES;
				CLANG_WARN_BLOCK_CAPTURE_AUTORELEASING = YES;
				CLANG_WARN_BOOL_CONVERSION = YES;
				CLANG_WARN_COMMA = YES;
				CLANG_WARN_CONSTANT_CONVERSION = YES;
				CLANG_WARN_DEPRECATED_OBJC_IMPLEMENTATIONS = YES;
				CLANG_WARN_DIRECT_OBJC_ISA_USAGE = YES_ERROR;
				CLANG_WARN_DOCUMENTATION_COMMENTS = YES;
				CLANG_WARN_EMPTY_BODY = YES;
				CLANG_WARN_ENUM_CONVERSION = YES;
				CLANG_WARN_INFINITE_RECURSION = YES;
				CLANG_WARN_INT_CONVERSION = YES;
				CLANG_WARN_NON_LITERAL_NULL_CONVERSION = YES;
				CLANG_WARN_OBJC_IMPLICIT_RETAIN_SELF = YES;
				CLANG_WARN_OBJC_LITERAL_CONVERSION = YES;
				CLANG_WARN_OBJC_ROOT_CLASS = YES_ERROR;
				CLANG_WARN_QUOTED_INCLUDE_IN_FRAMEWORK_HEADER = YES;
				CLANG_WARN_RANGE_LOOP_ANALYSIS = YES;
				CLANG_WARN_STRICT_PROTOTYPES = YES;
				CLANG_WARN_SUSPICIOUS_MOVE = YES;
				CLANG_WARN_UNGUARDED_AVAILABILITY = YES_AGGRESSIVE;
				CLANG_WARN_UNREACHABLE_CODE = YES;
				CLANG_WARN__DUPLICATE_METHOD_MATCH = YES;
				COPY_PHASE_STRIP = NO;
				DEBUG_INFORMATION_FORMAT = dwarf;
				ENABLE_STRICT_OBJC_MSGSEND = YES;
				ENABLE_TESTABILITY = YES;
				GCC_C_LANGUAGE_STANDARD = gnu11;
				GCC_DYNAMIC_NO_PIC = NO;
				GCC_NO_COMMON_BLOCKS = YES;
				GCC_OPTIMIZATION_LEVEL = 0;
				GCC_PREPROCESSOR_DEFINITIONS = (
					"DEBUG=1",
					"$(inherited)",
				);
				GCC_WARN_64_TO_32_BIT_CONVERSION = YES;
				GCC_WARN_ABOUT_RETURN_TYPE = YES_ERROR;
				GCC_WARN_UNDECLARED_SELECTOR = YES;
				GCC_WARN_UNINITIALIZED_AUTOS = YES_AGGRESSIVE;
				GCC_WARN_UNUSED_FUNCTION = YES;
				GCC_WARN_UNUSED_VARIABLE = YES;
				IPHONEOS_DEPLOYMENT_TARGET = 15.0;
				MTL_ENABLE_DEBUG_INFO = INCLUDE_SOURCE;
				MTL_FAST_MATH = YES;
				ONLY_ACTIVE_ARCH = YES;
				SDKROOT = iphoneos;
				SWIFT_ACTIVE_COMPILATION_CONDITIONS = DEBUG;
				SWIFT_OPTIMIZATION_LEVEL = "-Onone";
			};
			name = Debug;
		};
		9AD43E34273AB86700A051B1 /* Release */ = {
			isa = XCBuildConfiguration;
			buildSettings = {
				ALWAYS_SEARCH_USER_PATHS = NO;
				CLANG_ANALYZER_NONNULL = YES;
				CLANG_ANALYZER_NUMBER_OBJECT_CONVERSION = YES_AGGRESSIVE;
				CLANG_CXX_LANGUAGE_STANDARD = "gnu++17";
				CLANG_CXX_LIBRARY = "libc++";
				CLANG_ENABLE_MODULES = YES;
				CLANG_ENABLE_OBJC_ARC = YES;
				CLANG_ENABLE_OBJC_WEAK = YES;
				CLANG_WARN_BLOCK_CAPTURE_AUTORELEASING = YES;
				CLANG_WARN_BOOL_CONVERSION = YES;
				CLANG_WARN_COMMA = YES;
				CLANG_WARN_CONSTANT_CONVERSION = YES;
				CLANG_WARN_DEPRECATED_OBJC_IMPLEMENTATIONS = YES;
				CLANG_WARN_DIRECT_OBJC_ISA_USAGE = YES_ERROR;
				CLANG_WARN_DOCUMENTATION_COMMENTS = YES;
				CLANG_WARN_EMPTY_BODY = YES;
				CLANG_WARN_ENUM_CONVERSION = YES;
				CLANG_WARN_INFINITE_RECURSION = YES;
				CLANG_WARN_INT_CONVERSION = YES;
				CLANG_WARN_NON_LITERAL_NULL_CONVERSION = YES;
				CLANG_WARN_OBJC_IMPLICIT_RETAIN_SELF = YES;
				CLANG_WARN_OBJC_LITERAL_CONVERSION = YES;
				CLANG_WARN_OBJC_ROOT_CLASS = YES_ERROR;
				CLANG_WARN_QUOTED_INCLUDE_IN_FRAMEWORK_HEADER = YES;
				CLANG_WARN_RANGE_LOOP_ANALYSIS = YES;
				CLANG_WARN_STRICT_PROTOTYPES = YES;
				CLANG_WARN_SUSPICIOUS_MOVE = YES;
				CLANG_WARN_UNGUARDED_AVAILABILITY = YES_AGGRESSIVE;
				CLANG_WARN_UNREACHABLE_CODE = YES;
				CLANG_WARN__DUPLICATE_METHOD_MATCH = YES;
				COPY_PHASE_STRIP = NO;
				DEBUG_INFORMATION_FORMAT = "dwarf-with-dsym";
				ENABLE_NS_ASSERTIONS = NO;
				ENABLE_STRICT_OBJC_MSGSEND = YES;
				GCC_C_LANGUAGE_STANDARD = gnu11;
				GCC_NO_COMMON_BLOCKS = YES;
				GCC_WARN_64_TO_32_BIT_CONVERSION = YES;
				GCC_WARN_ABOUT_RETURN_TYPE = YES_ERROR;
				GCC_WARN_UNDECLARED_SELECTOR = YES;
				GCC_WARN_UNINITIALIZED_AUTOS = YES_AGGRESSIVE;
				GCC_WARN_UNUSED_FUNCTION = YES;
				GCC_WARN_UNUSED_VARIABLE = YES;
				IPHONEOS_DEPLOYMENT_TARGET = 15.0;
				MTL_ENABLE_DEBUG_INFO = NO;
				MTL_FAST_MATH = YES;
				SDKROOT = iphoneos;
				SWIFT_COMPILATION_MODE = wholemodule;
				SWIFT_OPTIMIZATION_LEVEL = "-O";
				VALIDATE_PRODUCT = YES;
			};
			name = Release;
		};
		9AD43E36273AB86700A051B1 /* Debug */ = {
			isa = XCBuildConfiguration;
			baseConfigurationReference = CFB934CB52F4D2EB50BF572B /* Pods-ListaCompras.debug.xcconfig */;
			buildSettings = {
				ASSETCATALOG_COMPILER_APPICON_NAME = AppIcon;
				ASSETCATALOG_COMPILER_GLOBAL_ACCENT_COLOR_NAME = AccentColor;
				CODE_SIGN_STYLE = Automatic;
				CURRENT_PROJECT_VERSION = 1;
				DEVELOPMENT_TEAM = HQJF9G685U;
				GENERATE_INFOPLIST_FILE = YES;
				INFOPLIST_FILE = ListaCompras/Info.plist;
				INFOPLIST_KEY_UIApplicationSupportsIndirectInputEvents = YES;
				INFOPLIST_KEY_UILaunchStoryboardName = LaunchScreen;
				INFOPLIST_KEY_UIMainStoryboardFile = LaunchScreen;
				INFOPLIST_KEY_UISupportedInterfaceOrientations_iPad = "UIInterfaceOrientationPortrait UIInterfaceOrientationPortraitUpsideDown UIInterfaceOrientationLandscapeLeft UIInterfaceOrientationLandscapeRight";
				INFOPLIST_KEY_UISupportedInterfaceOrientations_iPhone = "UIInterfaceOrientationPortrait UIInterfaceOrientationLandscapeLeft UIInterfaceOrientationLandscapeRight";
				LD_RUNPATH_SEARCH_PATHS = (
					"$(inherited)",
					"@executable_path/Frameworks",
				);
				MARKETING_VERSION = 1.0;
				PRODUCT_BUNDLE_IDENTIFIER = geovanna.ListaCompras;
				PRODUCT_NAME = "$(TARGET_NAME)";
				SWIFT_EMIT_LOC_STRINGS = YES;
				SWIFT_VERSION = 5.0;
				TARGETED_DEVICE_FAMILY = "1,2";
			};
			name = Debug;
		};
		9AD43E37273AB86700A051B1 /* Release */ = {
			isa = XCBuildConfiguration;
			baseConfigurationReference = 2D12F675E4D5555B10377C08 /* Pods-ListaCompras.release.xcconfig */;
			buildSettings = {
				ASSETCATALOG_COMPILER_APPICON_NAME = AppIcon;
				ASSETCATALOG_COMPILER_GLOBAL_ACCENT_COLOR_NAME = AccentColor;
				CODE_SIGN_STYLE = Automatic;
				CURRENT_PROJECT_VERSION = 1;
				DEVELOPMENT_TEAM = HQJF9G685U;
				GENERATE_INFOPLIST_FILE = YES;
				INFOPLIST_FILE = ListaCompras/Info.plist;
				INFOPLIST_KEY_UIApplicationSupportsIndirectInputEvents = YES;
				INFOPLIST_KEY_UILaunchStoryboardName = LaunchScreen;
				INFOPLIST_KEY_UIMainStoryboardFile = LaunchScreen;
				INFOPLIST_KEY_UISupportedInterfaceOrientations_iPad = "UIInterfaceOrientationPortrait UIInterfaceOrientationPortraitUpsideDown UIInterfaceOrientationLandscapeLeft UIInterfaceOrientationLandscapeRight";
				INFOPLIST_KEY_UISupportedInterfaceOrientations_iPhone = "UIInterfaceOrientationPortrait UIInterfaceOrientationLandscapeLeft UIInterfaceOrientationLandscapeRight";
				LD_RUNPATH_SEARCH_PATHS = (
					"$(inherited)",
					"@executable_path/Frameworks",
				);
				MARKETING_VERSION = 1.0;
				PRODUCT_BUNDLE_IDENTIFIER = geovanna.ListaCompras;
				PRODUCT_NAME = "$(TARGET_NAME)";
				SWIFT_EMIT_LOC_STRINGS = YES;
				SWIFT_VERSION = 5.0;
				TARGETED_DEVICE_FAMILY = "1,2";
			};
			name = Release;
		};
/* End XCBuildConfiguration section */

/* Begin XCConfigurationList section */
		9AD43E19273AB86500A051B1 /* Build configuration list for PBXProject "ListaCompras" */ = {
			isa = XCConfigurationList;
			buildConfigurations = (
				9AD43E33273AB86700A051B1 /* Debug */,
				9AD43E34273AB86700A051B1 /* Release */,
			);
			defaultConfigurationIsVisible = 0;
			defaultConfigurationName = Release;
		};
		9AD43E35273AB86700A051B1 /* Build configuration list for PBXNativeTarget "ListaCompras" */ = {
			isa = XCConfigurationList;
			buildConfigurations = (
				9AD43E36273AB86700A051B1 /* Debug */,
				9AD43E37273AB86700A051B1 /* Release */,
			);
			defaultConfigurationIsVisible = 0;
			defaultConfigurationName = Release;
		};
/* End XCConfigurationList section */

/* Begin XCVersionGroup section */
		9AD43E2A273AB86500A051B1 /* ListaCompras.xcdatamodeld */ = {
			isa = XCVersionGroup;
			children = (
				9AD43E2B273AB86500A051B1 /* ListaCompras.xcdatamodel */,
			);
			currentVersion = 9AD43E2B273AB86500A051B1 /* ListaCompras.xcdatamodel */;
			path = ListaCompras.xcdatamodeld;
			sourceTree = "<group>";
			versionGroupType = wrapper.xcdatamodel;
		};
/* End XCVersionGroup section */
	};
	rootObject = 9AD43E16273AB86500A051B1 /* Project object */;
}
